// !$*UTF8*$!
{
	archiveVersion = 1;
	classes = {
	};
	objectVersion = 56;
	objects = {

/* Begin PBXBuildFile section */
		A10000000000000000000001 /* SeraApp.swift in Sources */ = {isa = PBXBuildFile; fileRef = A20000000000000000000001 /* SeraApp.swift */; };
		A10000000000000000000002 /* AppDelegate.swift in Sources */ = {isa = PBXBuildFile; fileRef = A20000000000000000000002 /* AppDelegate.swift */; };
		A10000000000000000000003 /* TimeEngine.swift in Sources */ = {isa = PBXBuildFile; fileRef = A20000000000000000000003 /* TimeEngine.swift */; };
		A10000000000000000000004 /* GoalEngine.swift in Sources */ = {isa = PBXBuildFile; fileRef = A20000000000000000000004 /* GoalEngine.swift */; };
		A10000000000000000000014 /* MenuBarPanelView.swift in Sources */ = {isa = PBXBuildFile; fileRef = A20000000000000000000017 /* MenuBarPanelView.swift */; };
		A10000000000000000000015 /* MenuBarLabelView.swift in Sources */ = {isa = PBXBuildFile; fileRef = A20000000000000000000018 /* MenuBarLabelView.swift */; };
		A10000000000000000000006 /* Goal.swift in Sources */ = {isa = PBXBuildFile; fileRef = A20000000000000000000006 /* Goal.swift */; };
		A10000000000000000000007 /* VisualizationStyle.swift in Sources */ = {isa = PBXBuildFile; fileRef = A20000000000000000000007 /* VisualizationStyle.swift */; };
		A10000000000000000000008 /* ProgressSnapshot.swift in Sources */ = {isa = PBXBuildFile; fileRef = A20000000000000000000008 /* ProgressSnapshot.swift */; };
		A10000000000000000000009 /* AppState.swift in Sources */ = {isa = PBXBuildFile; fileRef = A20000000000000000000009 /* AppState.swift */; };
		A1000000000000000000000A /* WidgetView.swift in Sources */ = {isa = PBXBuildFile; fileRef = A2000000000000000000000A /* WidgetView.swift */; };
		A1000000000000000000000B /* GaugeProgressView.swift in Sources */ = {isa = PBXBuildFile; fileRef = A2000000000000000000000B /* GaugeProgressView.swift */; };
		A1000000000000000000000C /* ProgressRingView.swift in Sources */ = {isa = PBXBuildFile; fileRef = A2000000000000000000000C /* ProgressRingView.swift */; };
		A1000000000000000000000D /* LinearProgressView.swift in Sources */ = {isa = PBXBuildFile; fileRef = A2000000000000000000000D /* LinearProgressView.swift */; };
		A1000000000000000000000E /* GridProgressView.swift in Sources */ = {isa = PBXBuildFile; fileRef = A2000000000000000000000E /* GridProgressView.swift */; };
		A1000000000000000000000F /* ExpandedPanelView.swift in Sources */ = {isa = PBXBuildFile; fileRef = A2000000000000000000000F /* ExpandedPanelView.swift */; };
		A10000000000000000000010 /* DockPosition.swift in Sources */ = {isa = PBXBuildFile; fileRef = A20000000000000000000010 /* DockPosition.swift */; };
		A10000000000000000000011 /* DateMath.swift in Sources */ = {isa = PBXBuildFile; fileRef = A20000000000000000000011 /* DateMath.swift */; };
		A10000000000000000000012 /* InsightEngine.swift in Sources */ = {isa = PBXBuildFile; fileRef = A20000000000000000000012 /* InsightEngine.swift */; };
		A10000000000000000000019 /* SeraTheme.swift in Sources */ = {isa = PBXBuildFile; fileRef = A20000000000000000000019 /* SeraTheme.swift */; };
		A1000000000000000000001A /* DisplayMode.swift in Sources */ = {isa = PBXBuildFile; fileRef = A2000000000000000000001A /* DisplayMode.swift */; };
		A1000000000000000000001B /* NotchGeometry.swift in Sources */ = {isa = PBXBuildFile; fileRef = A2000000000000000000001B /* NotchGeometry.swift */; };
		A1000000000000000000001C /* NotchWindowEngine.swift in Sources */ = {isa = PBXBuildFile; fileRef = A2000000000000000000001C /* NotchWindowEngine.swift */; };
		A1000000000000000000001D /* NotchWidgetView.swift in Sources */ = {isa = PBXBuildFile; fileRef = A2000000000000000000001D /* NotchWidgetView.swift */; };
		A1000000000000000000001E /* MenuBarAppearance.swift in Sources */ = {isa = PBXBuildFile; fileRef = A2000000000000000000001E /* MenuBarAppearance.swift */; };
		A10000000000000000000013 /* Assets.xcassets in Resources */ = {isa = PBXBuildFile; fileRef = A20000000000000000000013 /* Assets.xcassets */; };
/* End PBXBuildFile section */

/* Begin PBXFileReference section */
		A20000000000000000000001 /* SeraApp.swift */ = {isa = PBXFileReference; lastKnownFileType = sourcecode.swift; path = SeraApp.swift; sourceTree = "<group>"; };
		A20000000000000000000002 /* AppDelegate.swift */ = {isa = PBXFileReference; lastKnownFileType = sourcecode.swift; path = AppDelegate.swift; sourceTree = "<group>"; };
		A20000000000000000000003 /* TimeEngine.swift */ = {isa = PBXFileReference; lastKnownFileType = sourcecode.swift; path = TimeEngine.swift; sourceTree = "<group>"; };
		A20000000000000000000004 /* GoalEngine.swift */ = {isa = PBXFileReference; lastKnownFileType = sourcecode.swift; path = GoalEngine.swift; sourceTree = "<group>"; };
		A20000000000000000000017 /* MenuBarPanelView.swift */ = {isa = PBXFileReference; lastKnownFileType = sourcecode.swift; path = MenuBarPanelView.swift; sourceTree = "<group>"; };
		A20000000000000000000018 /* MenuBarLabelView.swift */ = {isa = PBXFileReference; lastKnownFileType = sourcecode.swift; path = MenuBarLabelView.swift; sourceTree = "<group>"; };
		A20000000000000000000006 /* Goal.swift */ = {isa = PBXFileReference; lastKnownFileType = sourcecode.swift; path = Goal.swift; sourceTree = "<group>"; };
		A20000000000000000000007 /* VisualizationStyle.swift */ = {isa = PBXFileReference; lastKnownFileType = sourcecode.swift; path = VisualizationStyle.swift; sourceTree = "<group>"; };
		A20000000000000000000008 /* ProgressSnapshot.swift */ = {isa = PBXFileReference; lastKnownFileType = sourcecode.swift; path = ProgressSnapshot.swift; sourceTree = "<group>"; };
		A20000000000000000000009 /* AppState.swift */ = {isa = PBXFileReference; lastKnownFileType = sourcecode.swift; path = AppState.swift; sourceTree = "<group>"; };
		A2000000000000000000000A /* WidgetView.swift */ = {isa = PBXFileReference; lastKnownFileType = sourcecode.swift; path = WidgetView.swift; sourceTree = "<group>"; };
		A2000000000000000000000B /* GaugeProgressView.swift */ = {isa = PBXFileReference; lastKnownFileType = sourcecode.swift; path = GaugeProgressView.swift; sourceTree = "<group>"; };
		A2000000000000000000000C /* ProgressRingView.swift */ = {isa = PBXFileReference; lastKnownFileType = sourcecode.swift; path = ProgressRingView.swift; sourceTree = "<group>"; };
		A2000000000000000000000D /* LinearProgressView.swift */ = {isa = PBXFileReference; lastKnownFileType = sourcecode.swift; path = LinearProgressView.swift; sourceTree = "<group>"; };
		A2000000000000000000000E /* GridProgressView.swift */ = {isa = PBXFileReference; lastKnownFileType = sourcecode.swift; path = GridProgressView.swift; sourceTree = "<group>"; };
		A2000000000000000000000F /* ExpandedPanelView.swift */ = {isa = PBXFileReference; lastKnownFileType = sourcecode.swift; path = ExpandedPanelView.swift; sourceTree = "<group>"; };
		A20000000000000000000010 /* DockPosition.swift */ = {isa = PBXFileReference; lastKnownFileType = sourcecode.swift; path = DockPosition.swift; sourceTree = "<group>"; };
		A20000000000000000000011 /* DateMath.swift */ = {isa = PBXFileReference; lastKnownFileType = sourcecode.swift; path = DateMath.swift; sourceTree = "<group>"; };
		A20000000000000000000012 /* InsightEngine.swift */ = {isa = PBXFileReference; lastKnownFileType = sourcecode.swift; path = InsightEngine.swift; sourceTree = "<group>"; };
		A20000000000000000000019 /* SeraTheme.swift */ = {isa = PBXFileReference; lastKnownFileType = sourcecode.swift; path = SeraTheme.swift; sourceTree = "<group>"; };
		A2000000000000000000001A /* DisplayMode.swift */ = {isa = PBXFileReference; lastKnownFileType = sourcecode.swift; path = DisplayMode.swift; sourceTree = "<group>"; };
		A2000000000000000000001B /* NotchGeometry.swift */ = {isa = PBXFileReference; lastKnownFileType = sourcecode.swift; path = NotchGeometry.swift; sourceTree = "<group>"; };
		A2000000000000000000001C /* NotchWindowEngine.swift */ = {isa = PBXFileReference; lastKnownFileType = sourcecode.swift; path = NotchWindowEngine.swift; sourceTree = "<group>"; };
		A2000000000000000000001D /* NotchWidgetView.swift */ = {isa = PBXFileReference; lastKnownFileType = sourcecode.swift; path = NotchWidgetView.swift; sourceTree = "<group>"; };
		A2000000000000000000001E /* MenuBarAppearance.swift */ = {isa = PBXFileReference; lastKnownFileType = sourcecode.swift; path = MenuBarAppearance.swift; sourceTree = "<group>"; };
		A20000000000000000000013 /* Assets.xcassets */ = {isa = PBXFileReference; lastKnownFileType = folder.assetcatalog; path = Assets.xcassets; sourceTree = "<group>"; };
		A20000000000000000000014 /* Info.plist */ = {isa = PBXFileReference; lastKnownFileType = text.plist.xml; path = Info.plist; sourceTree = "<group>"; };
		A20000000000000000000015 /* Sera.entitlements */ = {isa = PBXFileReference; lastKnownFileType = text.plist.entitlements; path = Sera.entitlements; sourceTree = "<group>"; };
		A20000000000000000000016 /* Sera.app */ = {isa = PBXFileReference; explicitFileType = wrapper.application; includeInIndex = 0; path = Sera.app; sourceTree = BUILT_PRODUCTS_DIR; };
/* End PBXFileReference section */

/* Begin PBXFrameworksBuildPhase section */
		A30000000000000000000001 /* Frameworks */ = {
			isa = PBXFrameworksBuildPhase;
			buildActionMask = 2147483647;
			files = (
			);
			runOnlyForDeploymentPostprocessing = 0;
		};
/* End PBXFrameworksBuildPhase section */

/* Begin PBXGroup section */
		A40000000000000000000001 = {
			isa = PBXGroup;
			children = (
				A40000000000000000000002 /* Sera */,
				A40000000000000000000003 /* Products */,
			);
			sourceTree = "<group>";
		};
		A40000000000000000000002 /* Sera */ = {
			isa = PBXGroup;
			children = (
				A40000000000000000000004 /* App */,
				A40000000000000000000005 /* Engines */,
				A40000000000000000000006 /* Models */,
				A40000000000000000000007 /* State */,
				A40000000000000000000008 /* Views */,
				A40000000000000000000009 /* Utilities */,
				A20000000000000000000013 /* Assets.xcassets */,
				A20000000000000000000014 /* Info.plist */,
				A20000000000000000000015 /* Sera.entitlements */,
			);
			path = Sera;
			sourceTree = "<group>";
		};
		A40000000000000000000003 /* Products */ = {
			isa = PBXGroup;
			children = (
				A20000000000000000000016 /* Sera.app */,
			);
			name = Products;
			sourceTree = "<group>";
		};
		A40000000000000000000004 /* App */ = {
			isa = PBXGroup;
			children = (
				A20000000000000000000001 /* SeraApp.swift */,
				A20000000000000000000002 /* AppDelegate.swift */,
			);
			path = App;
			sourceTree = "<group>";
		};
		A40000000000000000000005 /* Engines */ = {
			isa = PBXGroup;
			children = (
				A20000000000000000000003 /* TimeEngine.swift */,
				A20000000000000000000004 /* GoalEngine.swift */,
				A2000000000000000000001C /* NotchWindowEngine.swift */,
			);
			path = Engines;
			sourceTree = "<group>";
		};
		A40000000000000000000006 /* Models */ = {
			isa = PBXGroup;
			children = (
				A20000000000000000000006 /* Goal.swift */,
				A20000000000000000000007 /* VisualizationStyle.swift */,
				A20000000000000000000008 /* ProgressSnapshot.swift */,
				A2000000000000000000001A /* DisplayMode.swift */,
			);
			path = Models;
			sourceTree = "<group>";
		};
		A40000000000000000000007 /* State */ = {
			isa = PBXGroup;
			children = (
				A20000000000000000000009 /* AppState.swift */,
			);
			path = State;
			sourceTree = "<group>";
		};
		A40000000000000000000008 /* Views */ = {
			isa = PBXGroup;
			children = (
				A2000000000000000000000A /* WidgetView.swift */,
				A20000000000000000000017 /* MenuBarPanelView.swift */,
				A20000000000000000000018 /* MenuBarLabelView.swift */,
				A2000000000000000000001D /* NotchWidgetView.swift */,
				A2000000000000000000000B /* GaugeProgressView.swift */,
				A2000000000000000000000C /* ProgressRingView.swift */,
				A2000000000000000000000D /* LinearProgressView.swift */,
				A2000000000000000000000E /* GridProgressView.swift */,
				A2000000000000000000000F /* ExpandedPanelView.swift */,
			);
			path = Views;
			sourceTree = "<group>";
		};
		A40000000000000000000009 /* Utilities */ = {
			isa = PBXGroup;
			children = (
				A20000000000000000000010 /* DockPosition.swift */,
				A20000000000000000000011 /* DateMath.swift */,
				A20000000000000000000012 /* InsightEngine.swift */,
				A20000000000000000000019 /* SeraTheme.swift */,
				A2000000000000000000001B /* NotchGeometry.swift */,
				A2000000000000000000001E /* MenuBarAppearance.swift */,
			);
			path = Utilities;
			sourceTree = "<group>";
		};
/* End PBXGroup section */

/* Begin PBXNativeTarget section */
		A50000000000000000000001 /* Sera */ = {
			isa = PBXNativeTarget;
			buildConfigurationList = A70000000000000000000003 /* Build configuration list for PBXNativeTarget "Sera" */;
			buildPhases = (
				A60000000000000000000001 /* Sources */,
				A30000000000000000000001 /* Frameworks */,
				A60000000000000000000002 /* Resources */,
			);
			buildRules = (
			);
			dependencies = (
			);
			name = Sera;
			productName = Sera;
			productReference = A20000000000000000000016 /* Sera.app */;
			productType = "com.apple.product-type.application";
		};
/* End PBXNativeTarget section */

/* Begin PBXProject section */
		A80000000000000000000001 /* Project object */ = {
			isa = PBXProject;
			attributes = {
				BuildIndependentTargetsInParallel = 1;
				LastSwiftUpdateCheck = 1500;
				LastUpgradeCheck = 1500;
				TargetAttributes = {
					A50000000000000000000001 = {
						CreatedOnToolsVersion = 15.0;
					};
				};
			};
			buildConfigurationList = A70000000000000000000001 /* Build configuration list for PBXProject "Sera" */;
			compatibilityVersion = "Xcode 14.0";
			developmentRegion = en;
			hasScannedForEncodings = 0;
			knownRegions = (
				en,
				Base,
			);
			mainGroup = A40000000000000000000001;
			productRefGroup = A40000000000000000000003 /* Products */;
			projectDirPath = "";
			projectRoot = "";
			targets = (
				A50000000000000000000001 /* Sera */,
			);
		};
/* End PBXProject section */

/* Begin PBXResourcesBuildPhase section */
		A60000000000000000000002 /* Resources */ = {
			isa = PBXResourcesBuildPhase;
			buildActionMask = 2147483647;
			files = (
				A10000000000000000000013 /* Assets.xcassets in Resources */,
			);
			runOnlyForDeploymentPostprocessing = 0;
		};
/* End PBXResourcesBuildPhase section */

/* Begin PBXSourcesBuildPhase section */
		A60000000000000000000001 /* Sources */ = {
			isa = PBXSourcesBuildPhase;
			buildActionMask = 2147483647;
			files = (
				A10000000000000000000001 /* SeraApp.swift in Sources */,
				A10000000000000000000002 /* AppDelegate.swift in Sources */,
				A10000000000000000000003 /* TimeEngine.swift in Sources */,
				A10000000000000000000004 /* GoalEngine.swift in Sources */,
				A10000000000000000000006 /* Goal.swift in Sources */,
				A10000000000000000000007 /* VisualizationStyle.swift in Sources */,
				A10000000000000000000008 /* ProgressSnapshot.swift in Sources */,
				A10000000000000000000009 /* AppState.swift in Sources */,
				A1000000000000000000000A /* WidgetView.swift in Sources */,
				A10000000000000000000014 /* MenuBarPanelView.swift in Sources */,
				A10000000000000000000015 /* MenuBarLabelView.swift in Sources */,
				A1000000000000000000000B /* GaugeProgressView.swift in Sources */,
				A1000000000000000000000C /* ProgressRingView.swift in Sources */,
				A1000000000000000000000D /* LinearProgressView.swift in Sources */,
				A1000000000000000000000E /* GridProgressView.swift in Sources */,
				A1000000000000000000000F /* ExpandedPanelView.swift in Sources */,
				A10000000000000000000010 /* DockPosition.swift in Sources */,
				A10000000000000000000011 /* DateMath.swift in Sources */,
				A10000000000000000000012 /* InsightEngine.swift in Sources */,
				A10000000000000000000019 /* SeraTheme.swift in Sources */,
				A1000000000000000000001A /* DisplayMode.swift in Sources */,
				A1000000000000000000001B /* NotchGeometry.swift in Sources */,
				A1000000000000000000001C /* NotchWindowEngine.swift in Sources */,
				A1000000000000000000001D /* NotchWidgetView.swift in Sources */,
				A1000000000000000000001E /* MenuBarAppearance.swift in Sources */,
			);
			runOnlyForDeploymentPostprocessing = 0;
		};
/* End PBXSourcesBuildPhase section */

/* Begin XCBuildConfiguration section */
		A90000000000000000000001 /* Debug */ = {
			isa = XCBuildConfiguration;
			buildSettings = {
				ALWAYS_SEARCH_USER_PATHS = NO;
				CLANG_ANALYZER_NONNULL = YES;
				CLANG_ANALYZER_NUMBER_OBJECT_CONVERSION = YES_AGGRESSIVE;
				CLANG_CXX_LANGUAGE_STANDARD = "gnu++20";
				CLANG_ENABLE_MODULES = YES;
				CLANG_ENABLE_OBJC_ARC = YES;
				CLANG_ENABLE_OBJC_WEAK = YES;
				CLANG_WARN_BLOCK_CAPTURE_AUTORELEASING = YES;
				CLANG_WARN_BOOL_CONVERSION = YES;
				CLANG_WARN_COMMA = YES;
				CLANG_WARN_CONSTANT_CONVERSION = YES;
				CLANG_WARN_DEPRECATED_OBJC_IMPLEMENTATIONS = YES;
				CLANG_WARN_DIRECT_OBJC_ISA_USAGE = YES_ERROR;
				CLANG_WARN_DOCUMENTATION_COMMENTS = YES;
				CLANG_WARN_EMPTY_BODY = YES;
				CLANG_WARN_ENUM_CONVERSION = YES;
				CLANG_WARN_INFINITE_RECURSION = YES;
				CLANG_WARN_INT_CONVERSION = YES;
				CLANG_WARN_NON_LITERAL_NULL_CONVERSION = YES;
				CLANG_WARN_OBJC_IMPLICIT_RETAIN_SELF = YES;
				CLANG_WARN_OBJC_LITERAL_CONVERSION = YES;
				CLANG_WARN_OBJC_ROOT_CLASS = YES_ERROR;
				CLANG_WARN_QUOTED_INCLUDE_IN_FRAMEWORK_HEADER = YES;
				CLANG_WARN_RANGE_LOOP_ANALYSIS = YES;
				CLANG_WARN_STRICT_PROTOTYPES = YES;
				CLANG_WARN_SUSPICIOUS_MOVE = YES;
				CLANG_WARN_UNGUARDED_AVAILABILITY = YES_AGGRESSIVE;
				CLANG_WARN_UNREACHABLE_CODE = YES;
				CLANG_WARN__DUPLICATE_METHOD_MATCH = YES;
				COPY_PHASE_STRIP = NO;
				DEBUG_INFORMATION_FORMAT = dwarf;
				ENABLE_STRICT_OBJC_MSGSEND = YES;
				ENABLE_TESTABILITY = YES;
				ENABLE_USER_SCRIPT_SANDBOXING = YES;
				GCC_C_LANGUAGE_STANDARD = gnu17;
				GCC_DYNAMIC_NO_PIC = NO;
				GCC_NO_COMMON_BLOCKS = YES;
				GCC_OPTIMIZATION_LEVEL = 0;
				GCC_PREPROCESSOR_DEFINITIONS = (
					"DEBUG=1",
					"$(inherited)",
				);
				GCC_WARN_64_TO_32_BIT_CONVERSION = YES;
				GCC_WARN_ABOUT_RETURN_TYPE = YES_ERROR;
				GCC_WARN_UNDECLARED_SELECTOR = YES;
				GCC_WARN_UNINITIALIZED_AUTOS = YES_AGGRESSIVE;
				GCC_WARN_UNUSED_FUNCTION = YES;
				GCC_WARN_UNUSED_VARIABLE = YES;
				MACOSX_DEPLOYMENT_TARGET = 13.0;
				MTL_ENABLE_DEBUG_INFO = INCLUDE_SOURCE;
				MTL_FAST_MATH = YES;
				ONLY_ACTIVE_ARCH = YES;
				SDKROOT = macosx;
				SWIFT_ACTIVE_COMPILATION_CONDITIONS = "DEBUG $(inherited)";
				SWIFT_OPTIMIZATION_LEVEL = "-Onone";
			};
			name = Debug;
		};
		A90000000000000000000002 /* Release */ = {
			isa = XCBuildConfiguration;
			buildSettings = {
				ALWAYS_SEARCH_USER_PATHS = NO;
				CLANG_ANALYZER_NONNULL = YES;
				CLANG_ANALYZER_NUMBER_OBJECT_CONVERSION = YES_AGGRESSIVE;
				CLANG_CXX_LANGUAGE_STANDARD = "gnu++20";
				CLANG_ENABLE_MODULES = YES;
				CLANG_ENABLE_OBJC_ARC = YES;
				CLANG_ENABLE_OBJC_WEAK = YES;
				CLANG_WARN_BLOCK_CAPTURE_AUTORELEASING = YES;
				CLANG_WARN_BOOL_CONVERSION = YES;
				CLANG_WARN_COMMA = YES;
				CLANG_WARN_CONSTANT_CONVERSION = YES;
				CLANG_WARN_DEPRECATED_OBJC_IMPLEMENTATIONS = YES;
				CLANG_WARN_DIRECT_OBJC_ISA_USAGE = YES_ERROR;
				CLANG_WARN_DOCUMENTATION_COMMENTS = YES;
				CLANG_WARN_EMPTY_BODY = YES;
				CLANG_WARN_ENUM_CONVERSION = YES;
				CLANG_WARN_INFINITE_RECURSION = YES;
				CLANG_WARN_INT_CONVERSION = YES;
				CLANG_WARN_NON_LITERAL_NULL_CONVERSION = YES;
				CLANG_WARN_OBJC_IMPLICIT_RETAIN_SELF = YES;
				CLANG_WARN_OBJC_LITERAL_CONVERSION = YES;
				CLANG_WARN_OBJC_ROOT_CLASS = YES_ERROR;
				CLANG_WARN_QUOTED_INCLUDE_IN_FRAMEWORK_HEADER = YES;
				CLANG_WARN_RANGE_LOOP_ANALYSIS = YES;
				CLANG_WARN_STRICT_PROTOTYPES = YES;
				CLANG_WARN_SUSPICIOUS_MOVE = YES;
				CLANG_WARN_UNGUARDED_AVAILABILITY = YES_AGGRESSIVE;
				CLANG_WARN_UNREACHABLE_CODE = YES;
				CLANG_WARN__DUPLICATE_METHOD_MATCH = YES;
				COPY_PHASE_STRIP = NO;
				DEBUG_INFORMATION_FORMAT = "dwarf-with-dsym";
				ENABLE_NS_ASSERTIONS = NO;
				ENABLE_STRICT_OBJC_MSGSEND = YES;
				ENABLE_USER_SCRIPT_SANDBOXING = YES;
				GCC_C_LANGUAGE_STANDARD = gnu17;
				GCC_NO_COMMON_BLOCKS = YES;
				GCC_WARN_64_TO_32_BIT_CONVERSION = YES;
				GCC_WARN_ABOUT_RETURN_TYPE = YES_ERROR;
				GCC_WARN_UNDECLARED_SELECTOR = YES;
				GCC_WARN_UNINITIALIZED_AUTOS = YES_AGGRESSIVE;
				GCC_WARN_UNUSED_FUNCTION = YES;
				GCC_WARN_UNUSED_VARIABLE = YES;
				MACOSX_DEPLOYMENT_TARGET = 13.0;
				MTL_ENABLE_DEBUG_INFO = NO;
				MTL_FAST_MATH = YES;
				SDKROOT = macosx;
				SWIFT_COMPILATION_MODE = wholemodule;
			};
			name = Release;
		};
		A90000000000000000000003 /* Debug */ = {
			isa = XCBuildConfiguration;
			buildSettings = {
				ASSETCATALOG_COMPILER_APPICON_NAME = AppIcon;
				ASSETCATALOG_COMPILER_GLOBAL_ACCENT_COLOR_NAME = AccentColor;
				CODE_SIGN_ALLOW_ENTITLEMENTS_MODIFICATION = YES;
				CODE_SIGN_ENTITLEMENTS = Sera/Sera.entitlements;
				CODE_SIGN_IDENTITY = "-";
				CODE_SIGN_STYLE = Automatic;
				COMBINE_HIDPI_IMAGES = YES;
				CURRENT_PROJECT_VERSION = 1;
				DEVELOPMENT_TEAM = "";
				ENABLE_HARDENED_RUNTIME = NO;
				GENERATE_INFOPLIST_FILE = NO;
				INFOPLIST_FILE = Sera/Info.plist;
				LD_RUNPATH_SEARCH_PATHS = (
					"$(inherited)",
					"@executable_path/../Frameworks",
				);
				MACOSX_DEPLOYMENT_TARGET = 13.0;
				MARKETING_VERSION = 1.0;
				PRODUCT_BUNDLE_IDENTIFIER = com.sera.app;
				PRODUCT_NAME = "$(TARGET_NAME)";
				SWIFT_EMIT_LOC_STRINGS = YES;
				SWIFT_STRICT_CONCURRENCY = targeted;
				SWIFT_VERSION = 5.0;
			};
			name = Debug;
		};
		A90000000000000000000004 /* Release */ = {
			isa = XCBuildConfiguration;
			buildSettings = {
				ASSETCATALOG_COMPILER_APPICON_NAME = AppIcon;
				ASSETCATALOG_COMPILER_GLOBAL_ACCENT_COLOR_NAME = AccentColor;
				CODE_SIGN_ALLOW_ENTITLEMENTS_MODIFICATION = YES;
				CODE_SIGN_ENTITLEMENTS = Sera/Sera.entitlements;
				CODE_SIGN_IDENTITY = "-";
				CODE_SIGN_STYLE = Automatic;
				COMBINE_HIDPI_IMAGES = YES;
				CURRENT_PROJECT_VERSION = 1;
				DEVELOPMENT_TEAM = "";
				ENABLE_HARDENED_RUNTIME = NO;
				GENERATE_INFOPLIST_FILE = NO;
				INFOPLIST_FILE = Sera/Info.plist;
				LD_RUNPATH_SEARCH_PATHS = (
					"$(inherited)",
					"@executable_path/../Frameworks",
				);
				MACOSX_DEPLOYMENT_TARGET = 13.0;
				MARKETING_VERSION = 1.0;
				PRODUCT_BUNDLE_IDENTIFIER = com.sera.app;
				PRODUCT_NAME = "$(TARGET_NAME)";
				SWIFT_EMIT_LOC_STRINGS = YES;
				SWIFT_STRICT_CONCURRENCY = targeted;
				SWIFT_VERSION = 5.0;
			};
			name = Release;
		};
/* End XCBuildConfiguration section */

/* Begin XCConfigurationList section */
		A70000000000000000000001 /* Build configuration list for PBXProject "Sera" */ = {
			isa = XCConfigurationList;
			buildConfigurations = (
				A90000000000000000000001 /* Debug */,
				A90000000000000000000002 /* Release */,
			);
			defaultConfigurationIsVisible = 0;
			defaultConfigurationName = Release;
		};
		A70000000000000000000003 /* Build configuration list for PBXNativeTarget "Sera" */ = {
			isa = XCConfigurationList;
			buildConfigurations = (
				A90000000000000000000003 /* Debug */,
				A90000000000000000000004 /* Release */,
			);
			defaultConfigurationIsVisible = 0;
			defaultConfigurationName = Release;
		};
/* End XCConfigurationList section */
	};
	rootObject = A80000000000000000000001 /* Project object */;
}
